
Microsoft Visual Studio Solution File, Format Version 12.00
# Visual Studio Version 16
VisualStudioVersion = 25.0.1706.6
MinimumVisualStudioVersion = 10.0.40219.1
Project("{FAE04EC0-301F-11D3-BF4B-00C04F79EFBC}") = "ElectroMVC", "ElectroMVC\ElectroMVC.csproj", "{735647EA-29D2-48AB-8C33-EE9444E978BE}"
EndProject
Global
	GlobalSection(SolutionConfigurationPlatforms) = preSolution
		Debug|Any CPU = Debug|Any CPU
		Release|Any CPU = Release|Any CPU
	EndGlobalSection
	GlobalSection(ProjectConfigurationPlatforms) = postSolution
		{735647EA-29D2-48AB-8C33-EE9444E978BE}.Debug|Any CPU.ActiveCfg = Debug|Any CPU
		{735647EA-29D2-48AB-8C33-EE9444E978BE}.Debug|Any CPU.Build.0 = Debug|Any CPU
		{735647EA-29D2-48AB-8C33-EE9444E978BE}.Release|Any CPU.ActiveCfg = Release|Any CPU
		{735647EA-29D2-48AB-8C33-EE9444E978BE}.Release|Any CPU.Build.0 = Release|Any CPU
	EndGlobalSection
	GlobalSection(SolutionProperties) = preSolution
		HideSolutionNode = FALSE
	EndGlobalSection
	GlobalSection(ExtensibilityGlobals) = postSolution
		SolutionGuid = {CCCBDEE2-32D1-430C-8AA9-D43669DB0128}
	EndGlobalSection
EndGlobal
