
Microsoft Visual Studio Solution File, Format Version 12.00
# Visual Studio Version 16
VisualStudioVersion = 25.0.1706.6
MinimumVisualStudioVersion = 10.0.40219.1
Project("{FAE04EC0-301F-11D3-BF4B-00C04F79EFBC}") = "ElectroMVC", "ElectroMVC.csproj", "{8F425733-FD27-4867-949C-8ED2EC9BBE20}"
EndProject
Global
	GlobalSection(SolutionConfigurationPlatforms) = preSolution
		Debug|Any CPU = Debug|Any CPU
		Release|Any CPU = Release|Any CPU
	EndGlobalSection
	GlobalSection(ProjectConfigurationPlatforms) = postSolution
		{8F425733-FD27-4867-949C-8ED2EC9BBE20}.Debug|Any CPU.ActiveCfg = Debug|Any CPU
		{8F425733-FD27-4867-949C-8ED2EC9BBE20}.Debug|Any CPU.Build.0 = Debug|Any CPU
		{8F425733-FD27-4867-949C-8ED2EC9BBE20}.Release|Any CPU.ActiveCfg = Release|Any CPU
		{8F425733-FD27-4867-949C-8ED2EC9BBE20}.Release|Any CPU.Build.0 = Release|Any CPU
	EndGlobalSection
	GlobalSection(SolutionProperties) = preSolution
		HideSolutionNode = FALSE
	EndGlobalSection
	GlobalSection(ExtensibilityGlobals) = postSolution
		SolutionGuid = {337F3E60-0F33-46B7-B6B1-F53BEF80520B}
	EndGlobalSection
EndGlobal
